// !$*UTF8*$!
{
	archiveVersion = 1;
	classes = {
	};
	objectVersion = 55;
	objects = {

/* Begin PBXBuildFile section */
		2F4BAECD278C6D9000E9CFD6 /* NetworkApiRouter.framework in Frameworks */ = {isa = PBXBuildFile; fileRef = 2F4BAEC4278C6D9000E9CFD6 /* NetworkApiRouter.framework */; };
		2F4BAED2278C6D9000E9CFD6 /* NetworkApiRouterTests.swift in Sources */ = {isa = PBXBuildFile; fileRef = 2F4BAED1278C6D9000E9CFD6 /* NetworkApiRouterTests.swift */; };
		2F4BAED3278C6D9000E9CFD6 /* NetworkApiRouter.h in Headers */ = {isa = PBXBuildFile; fileRef = 2F4BAEC7278C6D9000E9CFD6 /* NetworkApiRouter.h */; settings = {ATTRIBUTES = (Public, ); }; };
		2F4BAEDF278C708B00E9CFD6 /* HTTPMethod.swift in Sources */ = {isa = PBXBuildFile; fileRef = 2F4BAEDE278C708B00E9CFD6 /* HTTPMethod.swift */; };
		2F4BAEE1278C714000E9CFD6 /* HTTPHeaders.swift in Sources */ = {isa = PBXBuildFile; fileRef = 2F4BAEE0278C714000E9CFD6 /* HTTPHeaders.swift */; };
		2F4BAEE3278C716600E9CFD6 /* AbstractRouter.swift in Sources */ = {isa = PBXBuildFile; fileRef = 2F4BAEE2278C716600E9CFD6 /* AbstractRouter.swift */; };
		2F4BAEE5278C718700E9CFD6 /* URLConvertible.swift in Sources */ = {isa = PBXBuildFile; fileRef = 2F4BAEE4278C718700E9CFD6 /* URLConvertible.swift */; };
		2F4BAEE7278C719700E9CFD6 /* URLRequestConvertible.swift in Sources */ = {isa = PBXBuildFile; fileRef = 2F4BAEE6278C719700E9CFD6 /* URLRequestConvertible.swift */; };
		2F4BAEEC278C732F00E9CFD6 /* Encodable+extension.swift in Sources */ = {isa = PBXBuildFile; fileRef = 2F4BAEEB278C732F00E9CFD6 /* Encodable+extension.swift */; };
		2F4BAEEE278C74C900E9CFD6 /* NetworkApiRouterError.swift in Sources */ = {isa = PBXBuildFile; fileRef = 2F4BAEED278C74C900E9CFD6 /* NetworkApiRouterError.swift */; };
		2F4BAEF1278C7DB900E9CFD6 /* RouterMock.swift in Sources */ = {isa = PBXBuildFile; fileRef = 2F4BAEEF278C7C7F00E9CFD6 /* RouterMock.swift */; };
		2F609E3D278C9C480002CC9B /* NSNumber+extension.swift in Sources */ = {isa = PBXBuildFile; fileRef = 2F609E3C278C9C480002CC9B /* NSNumber+extension.swift */; };
/* End PBXBuildFile section */

/* Begin PBXContainerItemProxy section */
		2F4BAECE278C6D9000E9CFD6 /* PBXContainerItemProxy */ = {
			isa = PBXContainerItemProxy;
			containerPortal = 2F4BAEBB278C6D9000E9CFD6 /* Project object */;
			proxyType = 1;
			remoteGlobalIDString = 2F4BAEC3278C6D9000E9CFD6;
			remoteInfo = NetworkApiRouter;
		};
/* End PBXContainerItemProxy section */

/* Begin PBXFileReference section */
		2F4BAEC4278C6D9000E9CFD6 /* NetworkApiRouter.framework */ = {isa = PBXFileReference; explicitFileType = wrapper.framework; includeInIndex = 0; path = NetworkApiRouter.framework; sourceTree = BUILT_PRODUCTS_DIR; };
		2F4BAEC7278C6D9000E9CFD6 /* NetworkApiRouter.h */ = {isa = PBXFileReference; lastKnownFileType = sourcecode.c.h; path = NetworkApiRouter.h; sourceTree = "<group>"; };
		2F4BAECC278C6D9000E9CFD6 /* NetworkApiRouterTests.xctest */ = {isa = PBXFileReference; explicitFileType = wrapper.cfbundle; includeInIndex = 0; path = NetworkApiRouterTests.xctest; sourceTree = BUILT_PRODUCTS_DIR; };
		2F4BAED1278C6D9000E9CFD6 /* NetworkApiRouterTests.swift */ = {isa = PBXFileReference; lastKnownFileType = sourcecode.swift; path = NetworkApiRouterTests.swift; sourceTree = "<group>"; };
		2F4BAEDE278C708B00E9CFD6 /* HTTPMethod.swift */ = {isa = PBXFileReference; lastKnownFileType = sourcecode.swift; path = HTTPMethod.swift; sourceTree = "<group>"; };
		2F4BAEE0278C714000E9CFD6 /* HTTPHeaders.swift */ = {isa = PBXFileReference; lastKnownFileType = sourcecode.swift; path = HTTPHeaders.swift; sourceTree = "<group>"; };
		2F4BAEE2278C716600E9CFD6 /* AbstractRouter.swift */ = {isa = PBXFileReference; lastKnownFileType = sourcecode.swift; path = AbstractRouter.swift; sourceTree = "<group>"; };
		2F4BAEE4278C718700E9CFD6 /* URLConvertible.swift */ = {isa = PBXFileReference; lastKnownFileType = sourcecode.swift; path = URLConvertible.swift; sourceTree = "<group>"; };
		2F4BAEE6278C719700E9CFD6 /* URLRequestConvertible.swift */ = {isa = PBXFileReference; lastKnownFileType = sourcecode.swift; path = URLRequestConvertible.swift; sourceTree = "<group>"; };
		2F4BAEEB278C732F00E9CFD6 /* Encodable+extension.swift */ = {isa = PBXFileReference; lastKnownFileType = sourcecode.swift; path = "Encodable+extension.swift"; sourceTree = "<group>"; };
		2F4BAEED278C74C900E9CFD6 /* NetworkApiRouterError.swift */ = {isa = PBXFileReference; lastKnownFileType = sourcecode.swift; path = NetworkApiRouterError.swift; sourceTree = "<group>"; };
		2F4BAEEF278C7C7F00E9CFD6 /* RouterMock.swift */ = {isa = PBXFileReference; lastKnownFileType = sourcecode.swift; path = RouterMock.swift; sourceTree = "<group>"; };
		2F609E3C278C9C480002CC9B /* NSNumber+extension.swift */ = {isa = PBXFileReference; lastKnownFileType = sourcecode.swift; path = "NSNumber+extension.swift"; sourceTree = "<group>"; };
/* End PBXFileReference section */

/* Begin PBXFrameworksBuildPhase section */
		2F4BAEC1278C6D9000E9CFD6 /* Frameworks */ = {
			isa = PBXFrameworksBuildPhase;
			buildActionMask = 2147483647;
			files = (
			);
			runOnlyForDeploymentPostprocessing = 0;
		};
		2F4BAEC9278C6D9000E9CFD6 /* Frameworks */ = {
			isa = PBXFrameworksBuildPhase;
			buildActionMask = 2147483647;
			files = (
				2F4BAECD278C6D9000E9CFD6 /* NetworkApiRouter.framework in Frameworks */,
			);
			runOnlyForDeploymentPostprocessing = 0;
		};
/* End PBXFrameworksBuildPhase section */

/* Begin PBXGroup section */
		2F4BAEBA278C6D9000E9CFD6 = {
			isa = PBXGroup;
			children = (
				2F4BAEC6278C6D9000E9CFD6 /* NetworkApiRouter */,
				2F4BAED0278C6D9000E9CFD6 /* NetworkApiRouterTests */,
				2F4BAEC5278C6D9000E9CFD6 /* Products */,
			);
			sourceTree = "<group>";
		};
		2F4BAEC5278C6D9000E9CFD6 /* Products */ = {
			isa = PBXGroup;
			children = (
				2F4BAEC4278C6D9000E9CFD6 /* NetworkApiRouter.framework */,
				2F4BAECC278C6D9000E9CFD6 /* NetworkApiRouterTests.xctest */,
			);
			name = Products;
			sourceTree = "<group>";
		};
		2F4BAEC6278C6D9000E9CFD6 /* NetworkApiRouter */ = {
			isa = PBXGroup;
			children = (
				2F4BAEDD278C706B00E9CFD6 /* Source */,
				2F4BAEC7278C6D9000E9CFD6 /* NetworkApiRouter.h */,
			);
			path = NetworkApiRouter;
			sourceTree = "<group>";
		};
		2F4BAED0278C6D9000E9CFD6 /* NetworkApiRouterTests */ = {
			isa = PBXGroup;
			children = (
				2F4BAEEF278C7C7F00E9CFD6 /* RouterMock.swift */,
				2F4BAED1278C6D9000E9CFD6 /* NetworkApiRouterTests.swift */,
			);
			path = NetworkApiRouterTests;
			sourceTree = "<group>";
		};
		2F4BAEDD278C706B00E9CFD6 /* Source */ = {
			isa = PBXGroup;
			children = (
				2F4BAEE9278C72F800E9CFD6 /* Core */,
				2F4BAEEA278C72FE00E9CFD6 /* Extension */,
			);
			path = Source;
			sourceTree = "<group>";
		};
		2F4BAEE9278C72F800E9CFD6 /* Core */ = {
			isa = PBXGroup;
			children = (
				2F4BAEED278C74C900E9CFD6 /* NetworkApiRouterError.swift */,
				2F4BAEDE278C708B00E9CFD6 /* HTTPMethod.swift */,
				2F4BAEE0278C714000E9CFD6 /* HTTPHeaders.swift */,
				2F4BAEE4278C718700E9CFD6 /* URLConvertible.swift */,
				2F4BAEE6278C719700E9CFD6 /* URLRequestConvertible.swift */,
				2F4BAEE2278C716600E9CFD6 /* AbstractRouter.swift */,
			);
			path = Core;
			sourceTree = "<group>";
		};
		2F4BAEEA278C72FE00E9CFD6 /* Extension */ = {
			isa = PBXGroup;
			children = (
				2F4BAEEB278C732F00E9CFD6 /* Encodable+extension.swift */,
				2F609E3C278C9C480002CC9B /* NSNumber+extension.swift */,
			);
			path = Extension;
			sourceTree = "<group>";
		};
/* End PBXGroup section */

/* Begin PBXHeadersBuildPhase section */
		2F4BAEBF278C6D9000E9CFD6 /* Headers */ = {
			isa = PBXHeadersBuildPhase;
			buildActionMask = 2147483647;
			files = (
				2F4BAED3278C6D9000E9CFD6 /* NetworkApiRouter.h in Headers */,
			);
			runOnlyForDeploymentPostprocessing = 0;
		};
/* End PBXHeadersBuildPhase section */

/* Begin PBXNativeTarget section */
		2F4BAEC3278C6D9000E9CFD6 /* NetworkApiRouter */ = {
			isa = PBXNativeTarget;
			buildConfigurationList = 2F4BAED6278C6D9000E9CFD6 /* Build configuration list for PBXNativeTarget "NetworkApiRouter" */;
			buildPhases = (
				2F4BAEBF278C6D9000E9CFD6 /* Headers */,
				2F4BAEC0278C6D9000E9CFD6 /* Sources */,
				2F4BAEC1278C6D9000E9CFD6 /* Frameworks */,
				2F4BAEC2278C6D9000E9CFD6 /* Resources */,
				2F4BAEE8278C725A00E9CFD6 /* SwiftLint */,
			);
			buildRules = (
			);
			dependencies = (
			);
			name = NetworkApiRouter;
			productName = NetworkApiRouter;
			productReference = 2F4BAEC4278C6D9000E9CFD6 /* NetworkApiRouter.framework */;
			productType = "com.apple.product-type.framework";
		};
		2F4BAECB278C6D9000E9CFD6 /* NetworkApiRouterTests */ = {
			isa = PBXNativeTarget;
			buildConfigurationList = 2F4BAED9278C6D9000E9CFD6 /* Build configuration list for PBXNativeTarget "NetworkApiRouterTests" */;
			buildPhases = (
				2F4BAEC8278C6D9000E9CFD6 /* Sources */,
				2F4BAEC9278C6D9000E9CFD6 /* Frameworks */,
				2F4BAECA278C6D9000E9CFD6 /* Resources */,
			);
			buildRules = (
			);
			dependencies = (
				2F4BAECF278C6D9000E9CFD6 /* PBXTargetDependency */,
			);
			name = NetworkApiRouterTests;
			productName = NetworkApiRouterTests;
			productReference = 2F4BAECC278C6D9000E9CFD6 /* NetworkApiRouterTests.xctest */;
			productType = "com.apple.product-type.bundle.unit-test";
		};
/* End PBXNativeTarget section */

/* Begin PBXProject section */
		2F4BAEBB278C6D9000E9CFD6 /* Project object */ = {
			isa = PBXProject;
			attributes = {
				BuildIndependentTargetsInParallel = 1;
				LastSwiftUpdateCheck = 1320;
				LastUpgradeCheck = 1320;
				TargetAttributes = {
					2F4BAEC3278C6D9000E9CFD6 = {
						CreatedOnToolsVersion = 13.2.1;
						LastSwiftMigration = 1320;
					};
					2F4BAECB278C6D9000E9CFD6 = {
						CreatedOnToolsVersion = 13.2.1;
					};
				};
			};
			buildConfigurationList = 2F4BAEBE278C6D9000E9CFD6 /* Build configuration list for PBXProject "NetworkApiRouter" */;
			compatibilityVersion = "Xcode 13.0";
			developmentRegion = en;
			hasScannedForEncodings = 0;
			knownRegions = (
				en,
				Base,
			);
			mainGroup = 2F4BAEBA278C6D9000E9CFD6;
			productRefGroup = 2F4BAEC5278C6D9000E9CFD6 /* Products */;
			projectDirPath = "";
			projectRoot = "";
			targets = (
				2F4BAEC3278C6D9000E9CFD6 /* NetworkApiRouter */,
				2F4BAECB278C6D9000E9CFD6 /* NetworkApiRouterTests */,
			);
		};
/* End PBXProject section */

/* Begin PBXResourcesBuildPhase section */
		2F4BAEC2278C6D9000E9CFD6 /* Resources */ = {
			isa = PBXResourcesBuildPhase;
			buildActionMask = 2147483647;
			files = (
			);
			runOnlyForDeploymentPostprocessing = 0;
		};
		2F4BAECA278C6D9000E9CFD6 /* Resources */ = {
			isa = PBXResourcesBuildPhase;
			buildActionMask = 2147483647;
			files = (
			);
			runOnlyForDeploymentPostprocessing = 0;
		};
/* End PBXResourcesBuildPhase section */

/* Begin PBXShellScriptBuildPhase section */
		2F4BAEE8278C725A00E9CFD6 /* SwiftLint */ = {
			isa = PBXShellScriptBuildPhase;
			buildActionMask = 2147483647;
			files = (
			);
			inputFileListPaths = (
			);
			inputPaths = (
			);
			name = SwiftLint;
			outputFileListPaths = (
			);
			outputPaths = (
			);
			runOnlyForDeploymentPostprocessing = 0;
			shellPath = /bin/sh;
			shellScript = "# Type a script or drag a script file from your workspace to insert its path.\nif test -d \"/opt/homebrew/bin/\"; then\n  PATH=\"/opt/homebrew/bin/:${PATH}\"\nfi\n\nexport PATH\n\nif which swiftlint >/dev/null; then\n  swiftlint\nelse\n  echo \"warning: SwiftLint not installed, download from https://github.com/realm/SwiftLint\"\nfi\n";
		};
/* End PBXShellScriptBuildPhase section */

/* Begin PBXSourcesBuildPhase section */
		2F4BAEC0278C6D9000E9CFD6 /* Sources */ = {
			isa = PBXSourcesBuildPhase;
			buildActionMask = 2147483647;
			files = (
				2F4BAEE1278C714000E9CFD6 /* HTTPHeaders.swift in Sources */,
				2F4BAEDF278C708B00E9CFD6 /* HTTPMethod.swift in Sources */,
				2F4BAEEE278C74C900E9CFD6 /* NetworkApiRouterError.swift in Sources */,
				2F4BAEE7278C719700E9CFD6 /* URLRequestConvertible.swift in Sources */,
				2F4BAEE3278C716600E9CFD6 /* AbstractRouter.swift in Sources */,
				2F609E3D278C9C480002CC9B /* NSNumber+extension.swift in Sources */,
				2F4BAEE5278C718700E9CFD6 /* URLConvertible.swift in Sources */,
				2F4BAEEC278C732F00E9CFD6 /* Encodable+extension.swift in Sources */,
			);
			runOnlyForDeploymentPostprocessing = 0;
		};
		2F4BAEC8278C6D9000E9CFD6 /* Sources */ = {
			isa = PBXSourcesBuildPhase;
			buildActionMask = 2147483647;
			files = (
				2F4BAEF1278C7DB900E9CFD6 /* RouterMock.swift in Sources */,
				2F4BAED2278C6D9000E9CFD6 /* NetworkApiRouterTests.swift in Sources */,
			);
			runOnlyForDeploymentPostprocessing = 0;
		};
/* End PBXSourcesBuildPhase section */

/* Begin PBXTargetDependency section */
		2F4BAECF278C6D9000E9CFD6 /* PBXTargetDependency */ = {
			isa = PBXTargetDependency;
			target = 2F4BAEC3278C6D9000E9CFD6 /* NetworkApiRouter */;
			targetProxy = 2F4BAECE278C6D9000E9CFD6 /* PBXContainerItemProxy */;
		};
/* End PBXTargetDependency section */

/* Begin XCBuildConfiguration section */
		2F4BAED4278C6D9000E9CFD6 /* Debug */ = {
			isa = XCBuildConfiguration;
			buildSettings = {
				ALWAYS_SEARCH_USER_PATHS = NO;
				CLANG_ANALYZER_NONNULL = YES;
				CLANG_ANALYZER_NUMBER_OBJECT_CONVERSION = YES_AGGRESSIVE;
				CLANG_CXX_LANGUAGE_STANDARD = "gnu++17";
				CLANG_CXX_LIBRARY = "libc++";
				CLANG_ENABLE_MODULES = YES;
				CLANG_ENABLE_OBJC_ARC = YES;
				CLANG_ENABLE_OBJC_WEAK = YES;
				CLANG_WARN_BLOCK_CAPTURE_AUTORELEASING = YES;
				CLANG_WARN_BOOL_CONVERSION = YES;
				CLANG_WARN_COMMA = YES;
				CLANG_WARN_CONSTANT_CONVERSION = YES;
				CLANG_WARN_DEPRECATED_OBJC_IMPLEMENTATIONS = YES;
				CLANG_WARN_DIRECT_OBJC_ISA_USAGE = YES_ERROR;
				CLANG_WARN_DOCUMENTATION_COMMENTS = YES;
				CLANG_WARN_EMPTY_BODY = YES;
				CLANG_WARN_ENUM_CONVERSION = YES;
				CLANG_WARN_INFINITE_RECURSION = YES;
				CLANG_WARN_INT_CONVERSION = YES;
				CLANG_WARN_NON_LITERAL_NULL_CONVERSION = YES;
				CLANG_WARN_OBJC_IMPLICIT_RETAIN_SELF = YES;
				CLANG_WARN_OBJC_LITERAL_CONVERSION = YES;
				CLANG_WARN_OBJC_ROOT_CLASS = YES_ERROR;
				CLANG_WARN_QUOTED_INCLUDE_IN_FRAMEWORK_HEADER = YES;
				CLANG_WARN_RANGE_LOOP_ANALYSIS = YES;
				CLANG_WARN_STRICT_PROTOTYPES = YES;
				CLANG_WARN_SUSPICIOUS_MOVE = YES;
				CLANG_WARN_UNGUARDED_AVAILABILITY = YES_AGGRESSIVE;
				CLANG_WARN_UNREACHABLE_CODE = YES;
				CLANG_WARN__DUPLICATE_METHOD_MATCH = YES;
				COPY_PHASE_STRIP = NO;
				CURRENT_PROJECT_VERSION = 1;
				DEBUG_INFORMATION_FORMAT = dwarf;
				ENABLE_STRICT_OBJC_MSGSEND = YES;
				ENABLE_TESTABILITY = YES;
				GCC_C_LANGUAGE_STANDARD = gnu11;
				GCC_DYNAMIC_NO_PIC = NO;
				GCC_NO_COMMON_BLOCKS = YES;
				GCC_OPTIMIZATION_LEVEL = 0;
				GCC_PREPROCESSOR_DEFINITIONS = (
					"DEBUG=1",
					"$(inherited)",
				);
				GCC_WARN_64_TO_32_BIT_CONVERSION = YES;
				GCC_WARN_ABOUT_RETURN_TYPE = YES_ERROR;
				GCC_WARN_UNDECLARED_SELECTOR = YES;
				GCC_WARN_UNINITIALIZED_AUTOS = YES_AGGRESSIVE;
				GCC_WARN_UNUSED_FUNCTION = YES;
				GCC_WARN_UNUSED_VARIABLE = YES;
				IPHONEOS_DEPLOYMENT_TARGET = 10.0;
				MTL_ENABLE_DEBUG_INFO = INCLUDE_SOURCE;
				MTL_FAST_MATH = YES;
				ONLY_ACTIVE_ARCH = YES;
				SDKROOT = iphoneos;
				SWIFT_ACTIVE_COMPILATION_CONDITIONS = DEBUG;
				SWIFT_OPTIMIZATION_LEVEL = "-Onone";
				VERSIONING_SYSTEM = "apple-generic";
				VERSION_INFO_PREFIX = "";
			};
			name = Debug;
		};
		2F4BAED5278C6D9000E9CFD6 /* Release */ = {
			isa = XCBuildConfiguration;
			buildSettings = {
				ALWAYS_SEARCH_USER_PATHS = NO;
				CLANG_ANALYZER_NONNULL = YES;
				CLANG_ANALYZER_NUMBER_OBJECT_CONVERSION = YES_AGGRESSIVE;
				CLANG_CXX_LANGUAGE_STANDARD = "gnu++17";
				CLANG_CXX_LIBRARY = "libc++";
				CLANG_ENABLE_MODULES = YES;
				CLANG_ENABLE_OBJC_ARC = YES;
				CLANG_ENABLE_OBJC_WEAK = YES;
				CLANG_WARN_BLOCK_CAPTURE_AUTORELEASING = YES;
				CLANG_WARN_BOOL_CONVERSION = YES;
				CLANG_WARN_COMMA = YES;
				CLANG_WARN_CONSTANT_CONVERSION = YES;
				CLANG_WARN_DEPRECATED_OBJC_IMPLEMENTATIONS = YES;
				CLANG_WARN_DIRECT_OBJC_ISA_USAGE = YES_ERROR;
				CLANG_WARN_DOCUMENTATION_COMMENTS = YES;
				CLANG_WARN_EMPTY_BODY = YES;
				CLANG_WARN_ENUM_CONVERSION = YES;
				CLANG_WARN_INFINITE_RECURSION = YES;
				CLANG_WARN_INT_CONVERSION = YES;
				CLANG_WARN_NON_LITERAL_NULL_CONVERSION = YES;
				CLANG_WARN_OBJC_IMPLICIT_RETAIN_SELF = YES;
				CLANG_WARN_OBJC_LITERAL_CONVERSION = YES;
				CLANG_WARN_OBJC_ROOT_CLASS = YES_ERROR;
				CLANG_WARN_QUOTED_INCLUDE_IN_FRAMEWORK_HEADER = YES;
				CLANG_WARN_RANGE_LOOP_ANALYSIS = YES;
				CLANG_WARN_STRICT_PROTOTYPES = YES;
				CLANG_WARN_SUSPICIOUS_MOVE = YES;
				CLANG_WARN_UNGUARDED_AVAILABILITY = YES_AGGRESSIVE;
				CLANG_WARN_UNREACHABLE_CODE = YES;
				CLANG_WARN__DUPLICATE_METHOD_MATCH = YES;
				COPY_PHASE_STRIP = NO;
				CURRENT_PROJECT_VERSION = 1;
				DEBUG_INFORMATION_FORMAT = "dwarf-with-dsym";
				ENABLE_NS_ASSERTIONS = NO;
				ENABLE_STRICT_OBJC_MSGSEND = YES;
				GCC_C_LANGUAGE_STANDARD = gnu11;
				GCC_NO_COMMON_BLOCKS = YES;
				GCC_WARN_64_TO_32_BIT_CONVERSION = YES;
				GCC_WARN_ABOUT_RETURN_TYPE = YES_ERROR;
				GCC_WARN_UNDECLARED_SELECTOR = YES;
				GCC_WARN_UNINITIALIZED_AUTOS = YES_AGGRESSIVE;
				GCC_WARN_UNUSED_FUNCTION = YES;
				GCC_WARN_UNUSED_VARIABLE = YES;
				IPHONEOS_DEPLOYMENT_TARGET = 10.0;
				MTL_ENABLE_DEBUG_INFO = NO;
				MTL_FAST_MATH = YES;
				SDKROOT = iphoneos;
				SWIFT_COMPILATION_MODE = wholemodule;
				SWIFT_OPTIMIZATION_LEVEL = "-O";
				VALIDATE_PRODUCT = YES;
				VERSIONING_SYSTEM = "apple-generic";
				VERSION_INFO_PREFIX = "";
			};
			name = Release;
		};
		2F4BAED7278C6D9000E9CFD6 /* Debug */ = {
			isa = XCBuildConfiguration;
			buildSettings = {
				CLANG_ENABLE_MODULES = YES;
				CODE_SIGN_STYLE = Automatic;
				CURRENT_PROJECT_VERSION = 1;
				DEFINES_MODULE = YES;
				DEVELOPMENT_TEAM = GHXPN8A4H7;
				DYLIB_COMPATIBILITY_VERSION = 1;
				DYLIB_CURRENT_VERSION = 1;
				DYLIB_INSTALL_NAME_BASE = "@rpath";
				GENERATE_INFOPLIST_FILE = YES;
				INFOPLIST_KEY_NSHumanReadableCopyright = "";
				INSTALL_PATH = "$(LOCAL_LIBRARY_DIR)/Frameworks";
				LD_RUNPATH_SEARCH_PATHS = (
					"$(inherited)",
					"@executable_path/Frameworks",
					"@loader_path/Frameworks",
				);
				MARKETING_VERSION = 1.0;
				PRODUCT_BUNDLE_IDENTIFIER = com.muzle.NetworkApiRouter;
				PRODUCT_NAME = "$(TARGET_NAME:c99extidentifier)";
				SKIP_INSTALL = YES;
				SWIFT_EMIT_LOC_STRINGS = YES;
				SWIFT_OPTIMIZATION_LEVEL = "-Onone";
				SWIFT_VERSION = 5.0;
				TARGETED_DEVICE_FAMILY = "1,2";
			};
			name = Debug;
		};
		2F4BAED8278C6D9000E9CFD6 /* Release */ = {
			isa = XCBuildConfiguration;
			buildSettings = {
				CLANG_ENABLE_MODULES = YES;
				CODE_SIGN_STYLE = Automatic;
				CURRENT_PROJECT_VERSION = 1;
				DEFINES_MODULE = YES;
				DEVELOPMENT_TEAM = GHXPN8A4H7;
				DYLIB_COMPATIBILITY_VERSION = 1;
				DYLIB_CURRENT_VERSION = 1;
				DYLIB_INSTALL_NAME_BASE = "@rpath";
				GENERATE_INFOPLIST_FILE = YES;
				INFOPLIST_KEY_NSHumanReadableCopyright = "";
				INSTALL_PATH = "$(LOCAL_LIBRARY_DIR)/Frameworks";
				LD_RUNPATH_SEARCH_PATHS = (
					"$(inherited)",
					"@executable_path/Frameworks",
					"@loader_path/Frameworks",
				);
				MARKETING_VERSION = 1.0;
				PRODUCT_BUNDLE_IDENTIFIER = com.muzle.NetworkApiRouter;
				PRODUCT_NAME = "$(TARGET_NAME:c99extidentifier)";
				SKIP_INSTALL = YES;
				SWIFT_EMIT_LOC_STRINGS = YES;
				SWIFT_VERSION = 5.0;
				TARGETED_DEVICE_FAMILY = "1,2";
			};
			name = Release;
		};
		2F4BAEDA278C6D9000E9CFD6 /* Debug */ = {
			isa = XCBuildConfiguration;
			buildSettings = {
				ALWAYS_EMBED_SWIFT_STANDARD_LIBRARIES = YES;
				CODE_SIGN_STYLE = Automatic;
				CURRENT_PROJECT_VERSION = 1;
				DEVELOPMENT_TEAM = GHXPN8A4H7;
				GENERATE_INFOPLIST_FILE = YES;
				MARKETING_VERSION = 1.0;
				PRODUCT_BUNDLE_IDENTIFIER = com.muzle.NetworkApiRouterTests;
				PRODUCT_NAME = "$(TARGET_NAME)";
				SWIFT_EMIT_LOC_STRINGS = NO;
				SWIFT_VERSION = 5.0;
				TARGETED_DEVICE_FAMILY = "1,2";
			};
			name = Debug;
		};
		2F4BAEDB278C6D9000E9CFD6 /* Release */ = {
			isa = XCBuildConfiguration;
			buildSettings = {
				ALWAYS_EMBED_SWIFT_STANDARD_LIBRARIES = YES;
				CODE_SIGN_STYLE = Automatic;
				CURRENT_PROJECT_VERSION = 1;
				DEVELOPMENT_TEAM = GHXPN8A4H7;
				GENERATE_INFOPLIST_FILE = YES;
				MARKETING_VERSION = 1.0;
				PRODUCT_BUNDLE_IDENTIFIER = com.muzle.NetworkApiRouterTests;
				PRODUCT_NAME = "$(TARGET_NAME)";
				SWIFT_EMIT_LOC_STRINGS = NO;
				SWIFT_VERSION = 5.0;
				TARGETED_DEVICE_FAMILY = "1,2";
			};
			name = Release;
		};
/* End XCBuildConfiguration section */

/* Begin XCConfigurationList section */
		2F4BAEBE278C6D9000E9CFD6 /* Build configuration list for PBXProject "NetworkApiRouter" */ = {
			isa = XCConfigurationList;
			buildConfigurations = (
				2F4BAED4278C6D9000E9CFD6 /* Debug */,
				2F4BAED5278C6D9000E9CFD6 /* Release */,
			);
			defaultConfigurationIsVisible = 0;
			defaultConfigurationName = Release;
		};
		2F4BAED6278C6D9000E9CFD6 /* Build configuration list for PBXNativeTarget "NetworkApiRouter" */ = {
			isa = XCConfigurationList;
			buildConfigurations = (
				2F4BAED7278C6D9000E9CFD6 /* Debug */,
				2F4BAED8278C6D9000E9CFD6 /* Release */,
			);
			defaultConfigurationIsVisible = 0;
			defaultConfigurationName = Release;
		};
		2F4BAED9278C6D9000E9CFD6 /* Build configuration list for PBXNativeTarget "NetworkApiRouterTests" */ = {
			isa = XCConfigurationList;
			buildConfigurations = (
				2F4BAEDA278C6D9000E9CFD6 /* Debug */,
				2F4BAEDB278C6D9000E9CFD6 /* Release */,
			);
			defaultConfigurationIsVisible = 0;
			defaultConfigurationName = Release;
		};
/* End XCConfigurationList section */
	};
	rootObject = 2F4BAEBB278C6D9000E9CFD6 /* Project object */;
}
